
Microsoft Visual Studio Solution File, Format Version 12.00
# Visual Studio Version 17
VisualStudioVersion = 17.3.32901.215
MinimumVisualStudioVersion = 10.0.40219.1
Project("{FAE04EC0-301F-11D3-BF4B-00C04F79EFBC}") = "uppgift 4.22", "uppgift 4.22\uppgift 4.22.csproj", "{16A855DD-68F0-4AF0-ABD7-ED3E5619F781}"
EndProject
Global
	GlobalSection(SolutionConfigurationPlatforms) = preSolution
		Debug|Any CPU = Debug|Any CPU
		Release|Any CPU = Release|Any CPU
	EndGlobalSection
	GlobalSection(ProjectConfigurationPlatforms) = postSolution
		{16A855DD-68F0-4AF0-ABD7-ED3E5619F781}.Debug|Any CPU.ActiveCfg = Debug|Any CPU
		{16A855DD-68F0-4AF0-ABD7-ED3E5619F781}.Debug|Any CPU.Build.0 = Debug|Any CPU
		{16A855DD-68F0-4AF0-ABD7-ED3E5619F781}.Release|Any CPU.ActiveCfg = Release|Any CPU
		{16A855DD-68F0-4AF0-ABD7-ED3E5619F781}.Release|Any CPU.Build.0 = Release|Any CPU
	EndGlobalSection
	GlobalSection(SolutionProperties) = preSolution
		HideSolutionNode = FALSE
	EndGlobalSection
	GlobalSection(ExtensibilityGlobals) = postSolution
		SolutionGuid = {9DF8E99C-AA9E-4DB7-A9E1-D7C828B7D31B}
	EndGlobalSection
EndGlobal
